// !$*UTF8*$!
{
	archiveVersion = 1;
	classes = {
	};
	objectVersion = 51;
	objects = {

/* Begin PBXBuildFile section */
		4E2631ADBB50AD15EC5C02FB /* Pods_Parser.framework in Frameworks */ = {isa = PBXBuildFile; fileRef = 0F408B8528BFCCF8F658C29D /* Pods_Parser.framework */; };
		C7C71F1526C3FEA80069ACDE /* AppDelegate.swift in Sources */ = {isa = PBXBuildFile; fileRef = C7C71F1426C3FEA80069ACDE /* AppDelegate.swift */; };
		C7C71F1726C3FEA80069ACDE /* SceneDelegate.swift in Sources */ = {isa = PBXBuildFile; fileRef = C7C71F1626C3FEA80069ACDE /* SceneDelegate.swift */; };
		C7C71F1926C3FEA80069ACDE /* ViewController.swift in Sources */ = {isa = PBXBuildFile; fileRef = C7C71F1826C3FEA80069ACDE /* ViewController.swift */; };
		C7C71F1E26C3FEAC0069ACDE /* Assets.xcassets in Resources */ = {isa = PBXBuildFile; fileRef = C7C71F1D26C3FEAC0069ACDE /* Assets.xcassets */; };
		C7C71F2126C3FEAC0069ACDE /* LaunchScreen.storyboard in Resources */ = {isa = PBXBuildFile; fileRef = C7C71F1F26C3FEAC0069ACDE /* LaunchScreen.storyboard */; };
		C7C71F2A26C3FF880069ACDE /* SomeStruct.swift in Sources */ = {isa = PBXBuildFile; fileRef = C7C71F2926C3FF880069ACDE /* SomeStruct.swift */; };
		C7C71F3126C560040069ACDE /* NetworkRequest.swift in Sources */ = {isa = PBXBuildFile; fileRef = C7C71F3026C560040069ACDE /* NetworkRequest.swift */; };
		C7C71F3C26C568720069ACDE /* DataTableViewCell.swift in Sources */ = {isa = PBXBuildFile; fileRef = C7C71F3B26C568720069ACDE /* DataTableViewCell.swift */; };
/* End PBXBuildFile section */

/* Begin PBXFileReference section */
		0F408B8528BFCCF8F658C29D /* Pods_Parser.framework */ = {isa = PBXFileReference; explicitFileType = wrapper.framework; includeInIndex = 0; path = Pods_Parser.framework; sourceTree = BUILT_PRODUCTS_DIR; };
		42A5755E5561766BE0A9ADA3 /* Pods-Parser.release.xcconfig */ = {isa = PBXFileReference; includeInIndex = 1; lastKnownFileType = text.xcconfig; name = "Pods-Parser.release.xcconfig"; path = "Target Support Files/Pods-Parser/Pods-Parser.release.xcconfig"; sourceTree = "<group>"; };
		C59807299F289979664DEFCE /* Pods-Parser.debug.xcconfig */ = {isa = PBXFileReference; includeInIndex = 1; lastKnownFileType = text.xcconfig; name = "Pods-Parser.debug.xcconfig"; path = "Target Support Files/Pods-Parser/Pods-Parser.debug.xcconfig"; sourceTree = "<group>"; };
		C7C71F1126C3FEA80069ACDE /* Parser.app */ = {isa = PBXFileReference; explicitFileType = wrapper.application; includeInIndex = 0; path = Parser.app; sourceTree = BUILT_PRODUCTS_DIR; };
		C7C71F1426C3FEA80069ACDE /* AppDelegate.swift */ = {isa = PBXFileReference; lastKnownFileType = sourcecode.swift; path = AppDelegate.swift; sourceTree = "<group>"; };
		C7C71F1626C3FEA80069ACDE /* SceneDelegate.swift */ = {isa = PBXFileReference; lastKnownFileType = sourcecode.swift; path = SceneDelegate.swift; sourceTree = "<group>"; };
		C7C71F1826C3FEA80069ACDE /* ViewController.swift */ = {isa = PBXFileReference; lastKnownFileType = sourcecode.swift; path = ViewController.swift; sourceTree = "<group>"; };
		C7C71F1D26C3FEAC0069ACDE /* Assets.xcassets */ = {isa = PBXFileReference; lastKnownFileType = folder.assetcatalog; path = Assets.xcassets; sourceTree = "<group>"; };
		C7C71F2026C3FEAC0069ACDE /* Base */ = {isa = PBXFileReference; lastKnownFileType = file.storyboard; name = Base; path = Base.lproj/LaunchScreen.storyboard; sourceTree = "<group>"; };
		C7C71F2226C3FEAC0069ACDE /* Info.plist */ = {isa = PBXFileReference; lastKnownFileType = text.plist.xml; path = Info.plist; sourceTree = "<group>"; };
		C7C71F2926C3FF880069ACDE /* SomeStruct.swift */ = {isa = PBXFileReference; lastKnownFileType = sourcecode.swift; path = SomeStruct.swift; sourceTree = "<group>"; };
		C7C71F3026C560040069ACDE /* NetworkRequest.swift */ = {isa = PBXFileReference; lastKnownFileType = sourcecode.swift; path = NetworkRequest.swift; sourceTree = "<group>"; };
		C7C71F3B26C568720069ACDE /* DataTableViewCell.swift */ = {isa = PBXFileReference; lastKnownFileType = sourcecode.swift; path = DataTableViewCell.swift; sourceTree = "<group>"; };
/* End PBXFileReference section */

/* Begin PBXFrameworksBuildPhase section */
		C7C71F0E26C3FEA80069ACDE /* Frameworks */ = {
			isa = PBXFrameworksBuildPhase;
			buildActionMask = 2147483647;
			files = (
				4E2631ADBB50AD15EC5C02FB /* Pods_Parser.framework in Frameworks */,
			);
			runOnlyForDeploymentPostprocessing = 0;
		};
/* End PBXFrameworksBuildPhase section */

/* Begin PBXGroup section */
		0CD4972C756A3E1F431644F8 /* Frameworks */ = {
			isa = PBXGroup;
			children = (
				0F408B8528BFCCF8F658C29D /* Pods_Parser.framework */,
			);
			name = Frameworks;
			sourceTree = "<group>";
		};
		400957B8EEEC0D4B4B77894E /* Pods */ = {
			isa = PBXGroup;
			children = (
				C59807299F289979664DEFCE /* Pods-Parser.debug.xcconfig */,
				42A5755E5561766BE0A9ADA3 /* Pods-Parser.release.xcconfig */,
			);
			path = Pods;
			sourceTree = "<group>";
		};
		C7C71F0826C3FEA80069ACDE = {
			isa = PBXGroup;
			children = (
				C7C71F1326C3FEA80069ACDE /* Parser */,
				C7C71F1226C3FEA80069ACDE /* Products */,
				400957B8EEEC0D4B4B77894E /* Pods */,
				0CD4972C756A3E1F431644F8 /* Frameworks */,
			);
			sourceTree = "<group>";
		};
		C7C71F1226C3FEA80069ACDE /* Products */ = {
			isa = PBXGroup;
			children = (
				C7C71F1126C3FEA80069ACDE /* Parser.app */,
			);
			name = Products;
			sourceTree = "<group>";
		};
		C7C71F1326C3FEA80069ACDE /* Parser */ = {
			isa = PBXGroup;
			children = (
				C7C71F9F26C985B90069ACDE /* Cell */,
				C7C71F1426C3FEA80069ACDE /* AppDelegate.swift */,
				C7C71F1626C3FEA80069ACDE /* SceneDelegate.swift */,
				C7C71F1826C3FEA80069ACDE /* ViewController.swift */,
				C7C71F1D26C3FEAC0069ACDE /* Assets.xcassets */,
				C7C71F1F26C3FEAC0069ACDE /* LaunchScreen.storyboard */,
				C7C71F2226C3FEAC0069ACDE /* Info.plist */,
				C7C71F2926C3FF880069ACDE /* SomeStruct.swift */,
				C7C71F3026C560040069ACDE /* NetworkRequest.swift */,
			);
			path = Parser;
			sourceTree = "<group>";
		};
		C7C71F9F26C985B90069ACDE /* Cell */ = {
			isa = PBXGroup;
			children = (
				C7C71F3B26C568720069ACDE /* DataTableViewCell.swift */,
			);
			path = Cell;
			sourceTree = "<group>";
		};
/* End PBXGroup section */

/* Begin PBXNativeTarget section */
		C7C71F1026C3FEA80069ACDE /* Parser */ = {
			isa = PBXNativeTarget;
			buildConfigurationList = C7C71F2526C3FEAC0069ACDE /* Build configuration list for PBXNativeTarget "Parser" */;
			buildPhases = (
				D2E15372254A7C51FB3BD20C /* [CP] Check Pods Manifest.lock */,
				C7C71F0D26C3FEA80069ACDE /* Sources */,
				C7C71F0E26C3FEA80069ACDE /* Frameworks */,
				C7C71F0F26C3FEA80069ACDE /* Resources */,
				8F4ADB3465D0C024B5F7BB01 /* [CP] Embed Pods Frameworks */,
			);
			buildRules = (
			);
			dependencies = (
			);
			name = Parser;
			productName = Parser;
			productReference = C7C71F1126C3FEA80069ACDE /* Parser.app */;
			productType = "com.apple.product-type.application";
		};
/* End PBXNativeTarget section */

/* Begin PBXProject section */
		C7C71F0926C3FEA80069ACDE /* Project object */ = {
			isa = PBXProject;
			attributes = {
				LastSwiftUpdateCheck = 1240;
				LastUpgradeCheck = 1240;
				TargetAttributes = {
					C7C71F1026C3FEA80069ACDE = {
						CreatedOnToolsVersion = 12.4;
					};
				};
			};
			buildConfigurationList = C7C71F0C26C3FEA80069ACDE /* Build configuration list for PBXProject "Parser" */;
			compatibilityVersion = "Xcode 9.3";
			developmentRegion = en;
			hasScannedForEncodings = 0;
			knownRegions = (
				en,
				Base,
			);
			mainGroup = C7C71F0826C3FEA80069ACDE;
			productRefGroup = C7C71F1226C3FEA80069ACDE /* Products */;
			projectDirPath = "";
			projectRoot = "";
			targets = (
				C7C71F1026C3FEA80069ACDE /* Parser */,
			);
		};
/* End PBXProject section */

/* Begin PBXResourcesBuildPhase section */
		C7C71F0F26C3FEA80069ACDE /* Resources */ = {
			isa = PBXResourcesBuildPhase;
			buildActionMask = 2147483647;
			files = (
				C7C71F2126C3FEAC0069ACDE /* LaunchScreen.storyboard in Resources */,
				C7C71F1E26C3FEAC0069ACDE /* Assets.xcassets in Resources */,
			);
			runOnlyForDeploymentPostprocessing = 0;
		};
/* End PBXResourcesBuildPhase section */

/* Begin PBXShellScriptBuildPhase section */
		8F4ADB3465D0C024B5F7BB01 /* [CP] Embed Pods Frameworks */ = {
			isa = PBXShellScriptBuildPhase;
			buildActionMask = 2147483647;
			files = (
			);
			inputFileListPaths = (
				"${PODS_ROOT}/Target Support Files/Pods-Parser/Pods-Parser-frameworks-${CONFIGURATION}-input-files.xcfilelist",
			);
			name = "[CP] Embed Pods Frameworks";
			outputFileListPaths = (
				"${PODS_ROOT}/Target Support Files/Pods-Parser/Pods-Parser-frameworks-${CONFIGURATION}-output-files.xcfilelist",
			);
			runOnlyForDeploymentPostprocessing = 0;
			shellPath = /bin/sh;
			shellScript = "\"${PODS_ROOT}/Target Support Files/Pods-Parser/Pods-Parser-frameworks.sh\"\n";
			showEnvVarsInLog = 0;
		};
		D2E15372254A7C51FB3BD20C /* [CP] Check Pods Manifest.lock */ = {
			isa = PBXShellScriptBuildPhase;
			buildActionMask = 2147483647;
			files = (
			);
			inputFileListPaths = (
			);
			inputPaths = (
				"${PODS_PODFILE_DIR_PATH}/Podfile.lock",
				"${PODS_ROOT}/Manifest.lock",
			);
			name = "[CP] Check Pods Manifest.lock";
			outputFileListPaths = (
			);
			outputPaths = (
				"$(DERIVED_FILE_DIR)/Pods-Parser-checkManifestLockResult.txt",
			);
			runOnlyForDeploymentPostprocessing = 0;
			shellPath = /bin/sh;
			shellScript = "diff \"${PODS_PODFILE_DIR_PATH}/Podfile.lock\" \"${PODS_ROOT}/Manifest.lock\" > /dev/null\nif [ $? != 0 ] ; then\n    # print error to STDERR\n    echo \"error: The sandbox is not in sync with the Podfile.lock. Run 'pod install' or update your CocoaPods installation.\" >&2\n    exit 1\nfi\n# This output is used by Xcode 'outputs' to avoid re-running this script phase.\necho \"SUCCESS\" > \"${SCRIPT_OUTPUT_FILE_0}\"\n";
			showEnvVarsInLog = 0;
		};
/* End PBXShellScriptBuildPhase section */

/* Begin PBXSourcesBuildPhase section */
		C7C71F0D26C3FEA80069ACDE /* Sources */ = {
			isa = PBXSourcesBuildPhase;
			buildActionMask = 2147483647;
			files = (
				C7C71F1926C3FEA80069ACDE /* ViewController.swift in Sources */,
				C7C71F3C26C568720069ACDE /* DataTableViewCell.swift in Sources */,
				C7C71F1526C3FEA80069ACDE /* AppDelegate.swift in Sources */,
				C7C71F1726C3FEA80069ACDE /* SceneDelegate.swift in Sources */,
				C7C71F2A26C3FF880069ACDE /* SomeStruct.swift in Sources */,
				C7C71F3126C560040069ACDE /* NetworkRequest.swift in Sources */,
			);
			runOnlyForDeploymentPostprocessing = 0;
		};
/* End PBXSourcesBuildPhase section */

/* Begin PBXVariantGroup section */
		C7C71F1F26C3FEAC0069ACDE /* LaunchScreen.storyboard */ = {
			isa = PBXVariantGroup;
			children = (
				C7C71F2026C3FEAC0069ACDE /* Base */,
			);
			name = LaunchScreen.storyboard;
			sourceTree = "<group>";
		};
/* End PBXVariantGroup section */

/* Begin XCBuildConfiguration section */
		C7C71F2326C3FEAC0069ACDE /* Debug */ = {
			isa = XCBuildConfiguration;
			buildSettings = {
				ALWAYS_SEARCH_USER_PATHS = NO;
				CLANG_ANALYZER_NONNULL = YES;
				CLANG_ANALYZER_NUMBER_OBJECT_CONVERSION = YES_AGGRESSIVE;
				CLANG_CXX_LANGUAGE_STANDARD = "gnu++14";
				CLANG_CXX_LIBRARY = "libc++";
				CLANG_ENABLE_MODULES = YES;
				CLANG_ENABLE_OBJC_ARC = YES;
				CLANG_ENABLE_OBJC_WEAK = YES;
				CLANG_WARN_BLOCK_CAPTURE_AUTORELEASING = YES;
				CLANG_WARN_BOOL_CONVERSION = YES;
				CLANG_WARN_COMMA = YES;
				CLANG_WARN_CONSTANT_CONVERSION = YES;
				CLANG_WARN_DEPRECATED_OBJC_IMPLEMENTATIONS = YES;
				CLANG_WARN_DIRECT_OBJC_ISA_USAGE = YES_ERROR;
				CLANG_WARN_DOCUMENTATION_COMMENTS = YES;
				CLANG_WARN_EMPTY_BODY = YES;
				CLANG_WARN_ENUM_CONVERSION = YES;
				CLANG_WARN_INFINITE_RECURSION = YES;
				CLANG_WARN_INT_CONVERSION = YES;
				CLANG_WARN_NON_LITERAL_NULL_CONVERSION = YES;
				CLANG_WARN_OBJC_IMPLICIT_RETAIN_SELF = YES;
				CLANG_WARN_OBJC_LITERAL_CONVERSION = YES;
				CLANG_WARN_OBJC_ROOT_CLASS = YES_ERROR;
				CLANG_WARN_QUOTED_INCLUDE_IN_FRAMEWORK_HEADER = YES;
				CLANG_WARN_RANGE_LOOP_ANALYSIS = YES;
				CLANG_WARN_STRICT_PROTOTYPES = YES;
				CLANG_WARN_SUSPICIOUS_MOVE = YES;
				CLANG_WARN_UNGUARDED_AVAILABILITY = YES_AGGRESSIVE;
				CLANG_WARN_UNREACHABLE_CODE = YES;
				CLANG_WARN__DUPLICATE_METHOD_MATCH = YES;
				COPY_PHASE_STRIP = NO;
				DEBUG_INFORMATION_FORMAT = dwarf;
				ENABLE_STRICT_OBJC_MSGSEND = YES;
				ENABLE_TESTABILITY = YES;
				GCC_C_LANGUAGE_STANDARD = gnu11;
				GCC_DYNAMIC_NO_PIC = NO;
				GCC_NO_COMMON_BLOCKS = YES;
				GCC_OPTIMIZATION_LEVEL = 0;
				GCC_PREPROCESSOR_DEFINITIONS = (
					"DEBUG=1",
					"$(inherited)",
				);
				GCC_WARN_64_TO_32_BIT_CONVERSION = YES;
				GCC_WARN_ABOUT_RETURN_TYPE = YES_ERROR;
				GCC_WARN_UNDECLARED_SELECTOR = YES;
				GCC_WARN_UNINITIALIZED_AUTOS = YES_AGGRESSIVE;
				GCC_WARN_UNUSED_FUNCTION = YES;
				GCC_WARN_UNUSED_VARIABLE = YES;
				IPHONEOS_DEPLOYMENT_TARGET = 14.4;
				MTL_ENABLE_DEBUG_INFO = INCLUDE_SOURCE;
				MTL_FAST_MATH = YES;
				ONLY_ACTIVE_ARCH = YES;
				SDKROOT = iphoneos;
				SWIFT_ACTIVE_COMPILATION_CONDITIONS = DEBUG;
				SWIFT_OPTIMIZATION_LEVEL = "-Onone";
			};
			name = Debug;
		};
		C7C71F2426C3FEAC0069ACDE /* Release */ = {
			isa = XCBuildConfiguration;
			buildSettings = {
				ALWAYS_SEARCH_USER_PATHS = NO;
				CLANG_ANALYZER_NONNULL = YES;
				CLANG_ANALYZER_NUMBER_OBJECT_CONVERSION = YES_AGGRESSIVE;
				CLANG_CXX_LANGUAGE_STANDARD = "gnu++14";
				CLANG_CXX_LIBRARY = "libc++";
				CLANG_ENABLE_MODULES = YES;
				CLANG_ENABLE_OBJC_ARC = YES;
				CLANG_ENABLE_OBJC_WEAK = YES;
				CLANG_WARN_BLOCK_CAPTURE_AUTORELEASING = YES;
				CLANG_WARN_BOOL_CONVERSION = YES;
				CLANG_WARN_COMMA = YES;
				CLANG_WARN_CONSTANT_CONVERSION = YES;
				CLANG_WARN_DEPRECATED_OBJC_IMPLEMENTATIONS = YES;
				CLANG_WARN_DIRECT_OBJC_ISA_USAGE = YES_ERROR;
				CLANG_WARN_DOCUMENTATION_COMMENTS = YES;
				CLANG_WARN_EMPTY_BODY = YES;
				CLANG_WARN_ENUM_CONVERSION = YES;
				CLANG_WARN_INFINITE_RECURSION = YES;
				CLANG_WARN_INT_CONVERSION = YES;
				CLANG_WARN_NON_LITERAL_NULL_CONVERSION = YES;
				CLANG_WARN_OBJC_IMPLICIT_RETAIN_SELF = YES;
				CLANG_WARN_OBJC_LITERAL_CONVERSION = YES;
				CLANG_WARN_OBJC_ROOT_CLASS = YES_ERROR;
				CLANG_WARN_QUOTED_INCLUDE_IN_FRAMEWORK_HEADER = YES;
				CLANG_WARN_RANGE_LOOP_ANALYSIS = YES;
				CLANG_WARN_STRICT_PROTOTYPES = YES;
				CLANG_WARN_SUSPICIOUS_MOVE = YES;
				CLANG_WARN_UNGUARDED_AVAILABILITY = YES_AGGRESSIVE;
				CLANG_WARN_UNREACHABLE_CODE = YES;
				CLANG_WARN__DUPLICATE_METHOD_MATCH = YES;
				COPY_PHASE_STRIP = NO;
				DEBUG_INFORMATION_FORMAT = "dwarf-with-dsym";
				ENABLE_NS_ASSERTIONS = NO;
				ENABLE_STRICT_OBJC_MSGSEND = YES;
				GCC_C_LANGUAGE_STANDARD = gnu11;
				GCC_NO_COMMON_BLOCKS = YES;
				GCC_WARN_64_TO_32_BIT_CONVERSION = YES;
				GCC_WARN_ABOUT_RETURN_TYPE = YES_ERROR;
				GCC_WARN_UNDECLARED_SELECTOR = YES;
				GCC_WARN_UNINITIALIZED_AUTOS = YES_AGGRESSIVE;
				GCC_WARN_UNUSED_FUNCTION = YES;
				GCC_WARN_UNUSED_VARIABLE = YES;
				IPHONEOS_DEPLOYMENT_TARGET = 14.4;
				MTL_ENABLE_DEBUG_INFO = NO;
				MTL_FAST_MATH = YES;
				SDKROOT = iphoneos;
				SWIFT_COMPILATION_MODE = wholemodule;
				SWIFT_OPTIMIZATION_LEVEL = "-O";
				VALIDATE_PRODUCT = YES;
			};
			name = Release;
		};
		C7C71F2626C3FEAC0069ACDE /* Debug */ = {
			isa = XCBuildConfiguration;
			baseConfigurationReference = C59807299F289979664DEFCE /* Pods-Parser.debug.xcconfig */;
			buildSettings = {
				ASSETCATALOG_COMPILER_APPICON_NAME = AppIcon;
				ASSETCATALOG_COMPILER_GLOBAL_ACCENT_COLOR_NAME = AccentColor;
				CODE_SIGN_STYLE = Automatic;
				INFOPLIST_FILE = Parser/Info.plist;
				LD_RUNPATH_SEARCH_PATHS = (
					"$(inherited)",
					"@executable_path/Frameworks",
				);
				PRODUCT_BUNDLE_IDENTIFIER = com.uTeam.Parser;
				PRODUCT_NAME = "$(TARGET_NAME)";
				SWIFT_VERSION = 5.0;
				TARGETED_DEVICE_FAMILY = "1,2";
			};
			name = Debug;
		};
		C7C71F2726C3FEAC0069ACDE /* Release */ = {
			isa = XCBuildConfiguration;
			baseConfigurationReference = 42A5755E5561766BE0A9ADA3 /* Pods-Parser.release.xcconfig */;
			buildSettings = {
				ASSETCATALOG_COMPILER_APPICON_NAME = AppIcon;
				ASSETCATALOG_COMPILER_GLOBAL_ACCENT_COLOR_NAME = AccentColor;
				CODE_SIGN_STYLE = Automatic;
				INFOPLIST_FILE = Parser/Info.plist;
				LD_RUNPATH_SEARCH_PATHS = (
					"$(inherited)",
					"@executable_path/Frameworks",
				);
				PRODUCT_BUNDLE_IDENTIFIER = com.uTeam.Parser;
				PRODUCT_NAME = "$(TARGET_NAME)";
				SWIFT_VERSION = 5.0;
				TARGETED_DEVICE_FAMILY = "1,2";
			};
			name = Release;
		};
/* End XCBuildConfiguration section */

/* Begin XCConfigurationList section */
		C7C71F0C26C3FEA80069ACDE /* Build configuration list for PBXProject "Parser" */ = {
			isa = XCConfigurationList;
			buildConfigurations = (
				C7C71F2326C3FEAC0069ACDE /* Debug */,
				C7C71F2426C3FEAC0069ACDE /* Release */,
			);
			defaultConfigurationIsVisible = 0;
			defaultConfigurationName = Release;
		};
		C7C71F2526C3FEAC0069ACDE /* Build configuration list for PBXNativeTarget "Parser" */ = {
			isa = XCConfigurationList;
			buildConfigurations = (
				C7C71F2626C3FEAC0069ACDE /* Debug */,
				C7C71F2726C3FEAC0069ACDE /* Release */,
			);
			defaultConfigurationIsVisible = 0;
			defaultConfigurationName = Release;
		};
/* End XCConfigurationList section */
	};
	rootObject = C7C71F0926C3FEA80069ACDE /* Project object */;
}
